
Microsoft Visual Studio Solution File, Format Version 12.00
# Visual Studio Version 16
VisualStudioVersion = 16.0.30711.63
MinimumVisualStudioVersion = 10.0.40219.1
Project("{FAE04EC0-301F-11D3-BF4B-00C04F79EFBC}") = "Geosort", "Geosort\Geosort.csproj", "{2F29B0CD-339F-43A1-B772-EDDA7C2B02D4}"
EndProject
Global
	GlobalSection(SolutionConfigurationPlatforms) = preSolution
		Debug|Any CPU = Debug|Any CPU
		Release|Any CPU = Release|Any CPU
	EndGlobalSection
	GlobalSection(ProjectConfigurationPlatforms) = postSolution
		{2F29B0CD-339F-43A1-B772-EDDA7C2B02D4}.Debug|Any CPU.ActiveCfg = Debug|Any CPU
		{2F29B0CD-339F-43A1-B772-EDDA7C2B02D4}.Debug|Any CPU.Build.0 = Debug|Any CPU
		{2F29B0CD-339F-43A1-B772-EDDA7C2B02D4}.Release|Any CPU.ActiveCfg = Release|Any CPU
		{2F29B0CD-339F-43A1-B772-EDDA7C2B02D4}.Release|Any CPU.Build.0 = Release|Any CPU
	EndGlobalSection
	GlobalSection(SolutionProperties) = preSolution
		HideSolutionNode = FALSE
	EndGlobalSection
	GlobalSection(ExtensibilityGlobals) = postSolution
		SolutionGuid = {D5DD68E1-9C38-4DF9-B130-0D0723273F09}
	EndGlobalSection
EndGlobal
